
Microsoft Visual Studio Solution File, Format Version 12.00
# Visual Studio Version 16
VisualStudioVersion = 16.0.30907.101
MinimumVisualStudioVersion = 10.0.40219.1
Project("{FAE04EC0-301F-11D3-BF4B-00C04F79EFBC}") = "HomeWorkVideo19", "HomeWorkLukyanov\HomeWorkVideo19.csproj", "{F66E772E-5F01-4505-AAD7-E9EC8D5AFC8B}"
EndProject
Project("{FAE04EC0-301F-11D3-BF4B-00C04F79EFBC}") = "HomeWorkVideo21", "HomeWorkVideo21\HomeWorkVideo21.csproj", "{1E234752-515A-4B9F-8AF1-0554E8C0B152}"
EndProject
Project("{FAE04EC0-301F-11D3-BF4B-00C04F79EFBC}") = "HomeWorkVideo28-1", "HomeWorkVideo28-1\HomeWorkVideo28-1.csproj", "{75319F9F-BA0F-480C-885D-C7C9F4A9FAF5}"
EndProject
Project("{FAE04EC0-301F-11D3-BF4B-00C04F79EFBC}") = "HomeWorkVideo28-2", "HomeWorkVideo28-2\HomeWorkVideo28-2.csproj", "{37AF5DA1-DDD9-4B58-95FC-FD69B6FC771C}"
EndProject
Project("{FAE04EC0-301F-11D3-BF4B-00C04F79EFBC}") = "HomeWorkVideo28-3", "HomeWorkVideo28-3\HomeWorkVideo28-3.csproj", "{47D43EBF-F7B6-4AB8-A6A0-2C0627AD16A2}"
EndProject
Project("{FAE04EC0-301F-11D3-BF4B-00C04F79EFBC}") = "HomeWorkVideo28-4", "HomeWorkVideo28-4\HomeWorkVideo28-4.csproj", "{47CA06C1-1C97-4AF2-AFFA-C817EC83426C}"
EndProject
Project("{FAE04EC0-301F-11D3-BF4B-00C04F79EFBC}") = "HomeWorkVideo33-2", "HomeWorkVideo_33-2\HomeWorkVideo33-2.csproj", "{72E3816E-DBD9-4606-A99D-7F50D505CBF2}"
EndProject
Project("{FAE04EC0-301F-11D3-BF4B-00C04F79EFBC}") = "HomeWorkVideo33-1", "HomeWorkVideo_33-1\HomeWorkVideo33-1.csproj", "{F635A222-6E23-42F8-81ED-9426850103C2}"
EndProject
Project("{FAE04EC0-301F-11D3-BF4B-00C04F79EFBC}") = "HomeWorkVideo33-3", "HomeWorkVideo33-3\HomeWorkVideo33-3.csproj", "{9EC8FAF1-2E0D-498C-93A5-1D024FA63E94}"
EndProject
Project("{FAE04EC0-301F-11D3-BF4B-00C04F79EFBC}") = "HomeWorkVideo33-4", "HomeWorkVideo33-4\HomeWorkVideo33-4.csproj", "{72DAA2C2-8276-4A7D-836D-2393D0903F76}"
EndProject
Project("{FAE04EC0-301F-11D3-BF4B-00C04F79EFBC}") = "HomeWorkVideo46-1", "HomeWorkVideo46-1\HomeWorkVideo46-1.csproj", "{B28603B4-BF43-4905-82BE-3B254A03F686}"
EndProject
Project("{FAE04EC0-301F-11D3-BF4B-00C04F79EFBC}") = "HomeWorkVideo46-2", "HomeWorkVideo46-2\HomeWorkVideo46-2.csproj", "{95897EFB-9746-4DB2-BC94-EBDA1F665B6C}"
EndProject
Global
	GlobalSection(SolutionConfigurationPlatforms) = preSolution
		Debug|Any CPU = Debug|Any CPU
		Release|Any CPU = Release|Any CPU
	EndGlobalSection
	GlobalSection(ProjectConfigurationPlatforms) = postSolution
		{F66E772E-5F01-4505-AAD7-E9EC8D5AFC8B}.Debug|Any CPU.ActiveCfg = Debug|Any CPU
		{F66E772E-5F01-4505-AAD7-E9EC8D5AFC8B}.Debug|Any CPU.Build.0 = Debug|Any CPU
		{F66E772E-5F01-4505-AAD7-E9EC8D5AFC8B}.Release|Any CPU.ActiveCfg = Release|Any CPU
		{F66E772E-5F01-4505-AAD7-E9EC8D5AFC8B}.Release|Any CPU.Build.0 = Release|Any CPU
		{1E234752-515A-4B9F-8AF1-0554E8C0B152}.Debug|Any CPU.ActiveCfg = Debug|Any CPU
		{1E234752-515A-4B9F-8AF1-0554E8C0B152}.Debug|Any CPU.Build.0 = Debug|Any CPU
		{1E234752-515A-4B9F-8AF1-0554E8C0B152}.Release|Any CPU.ActiveCfg = Release|Any CPU
		{1E234752-515A-4B9F-8AF1-0554E8C0B152}.Release|Any CPU.Build.0 = Release|Any CPU
		{75319F9F-BA0F-480C-885D-C7C9F4A9FAF5}.Debug|Any CPU.ActiveCfg = Debug|Any CPU
		{75319F9F-BA0F-480C-885D-C7C9F4A9FAF5}.Debug|Any CPU.Build.0 = Debug|Any CPU
		{75319F9F-BA0F-480C-885D-C7C9F4A9FAF5}.Release|Any CPU.ActiveCfg = Release|Any CPU
		{75319F9F-BA0F-480C-885D-C7C9F4A9FAF5}.Release|Any CPU.Build.0 = Release|Any CPU
		{37AF5DA1-DDD9-4B58-95FC-FD69B6FC771C}.Debug|Any CPU.ActiveCfg = Debug|Any CPU
		{37AF5DA1-DDD9-4B58-95FC-FD69B6FC771C}.Debug|Any CPU.Build.0 = Debug|Any CPU
		{37AF5DA1-DDD9-4B58-95FC-FD69B6FC771C}.Release|Any CPU.ActiveCfg = Release|Any CPU
		{37AF5DA1-DDD9-4B58-95FC-FD69B6FC771C}.Release|Any CPU.Build.0 = Release|Any CPU
		{47D43EBF-F7B6-4AB8-A6A0-2C0627AD16A2}.Debug|Any CPU.ActiveCfg = Debug|Any CPU
		{47D43EBF-F7B6-4AB8-A6A0-2C0627AD16A2}.Debug|Any CPU.Build.0 = Debug|Any CPU
		{47D43EBF-F7B6-4AB8-A6A0-2C0627AD16A2}.Release|Any CPU.ActiveCfg = Release|Any CPU
		{47D43EBF-F7B6-4AB8-A6A0-2C0627AD16A2}.Release|Any CPU.Build.0 = Release|Any CPU
		{47CA06C1-1C97-4AF2-AFFA-C817EC83426C}.Debug|Any CPU.ActiveCfg = Debug|Any CPU
		{47CA06C1-1C97-4AF2-AFFA-C817EC83426C}.Debug|Any CPU.Build.0 = Debug|Any CPU
		{47CA06C1-1C97-4AF2-AFFA-C817EC83426C}.Release|Any CPU.ActiveCfg = Release|Any CPU
		{47CA06C1-1C97-4AF2-AFFA-C817EC83426C}.Release|Any CPU.Build.0 = Release|Any CPU
		{72E3816E-DBD9-4606-A99D-7F50D505CBF2}.Debug|Any CPU.ActiveCfg = Debug|Any CPU
		{72E3816E-DBD9-4606-A99D-7F50D505CBF2}.Debug|Any CPU.Build.0 = Debug|Any CPU
		{72E3816E-DBD9-4606-A99D-7F50D505CBF2}.Release|Any CPU.ActiveCfg = Release|Any CPU
		{72E3816E-DBD9-4606-A99D-7F50D505CBF2}.Release|Any CPU.Build.0 = Release|Any CPU
		{F635A222-6E23-42F8-81ED-9426850103C2}.Debug|Any CPU.ActiveCfg = Debug|Any CPU
		{F635A222-6E23-42F8-81ED-9426850103C2}.Debug|Any CPU.Build.0 = Debug|Any CPU
		{F635A222-6E23-42F8-81ED-9426850103C2}.Release|Any CPU.ActiveCfg = Release|Any CPU
		{F635A222-6E23-42F8-81ED-9426850103C2}.Release|Any CPU.Build.0 = Release|Any CPU
		{9EC8FAF1-2E0D-498C-93A5-1D024FA63E94}.Debug|Any CPU.ActiveCfg = Debug|Any CPU
		{9EC8FAF1-2E0D-498C-93A5-1D024FA63E94}.Debug|Any CPU.Build.0 = Debug|Any CPU
		{9EC8FAF1-2E0D-498C-93A5-1D024FA63E94}.Release|Any CPU.ActiveCfg = Release|Any CPU
		{9EC8FAF1-2E0D-498C-93A5-1D024FA63E94}.Release|Any CPU.Build.0 = Release|Any CPU
		{72DAA2C2-8276-4A7D-836D-2393D0903F76}.Debug|Any CPU.ActiveCfg = Debug|Any CPU
		{72DAA2C2-8276-4A7D-836D-2393D0903F76}.Debug|Any CPU.Build.0 = Debug|Any CPU
		{72DAA2C2-8276-4A7D-836D-2393D0903F76}.Release|Any CPU.ActiveCfg = Release|Any CPU
		{72DAA2C2-8276-4A7D-836D-2393D0903F76}.Release|Any CPU.Build.0 = Release|Any CPU
		{B28603B4-BF43-4905-82BE-3B254A03F686}.Debug|Any CPU.ActiveCfg = Debug|Any CPU
		{B28603B4-BF43-4905-82BE-3B254A03F686}.Debug|Any CPU.Build.0 = Debug|Any CPU
		{B28603B4-BF43-4905-82BE-3B254A03F686}.Release|Any CPU.ActiveCfg = Release|Any CPU
		{B28603B4-BF43-4905-82BE-3B254A03F686}.Release|Any CPU.Build.0 = Release|Any CPU
		{95897EFB-9746-4DB2-BC94-EBDA1F665B6C}.Debug|Any CPU.ActiveCfg = Debug|Any CPU
		{95897EFB-9746-4DB2-BC94-EBDA1F665B6C}.Debug|Any CPU.Build.0 = Debug|Any CPU
		{95897EFB-9746-4DB2-BC94-EBDA1F665B6C}.Release|Any CPU.ActiveCfg = Release|Any CPU
		{95897EFB-9746-4DB2-BC94-EBDA1F665B6C}.Release|Any CPU.Build.0 = Release|Any CPU
	EndGlobalSection
	GlobalSection(SolutionProperties) = preSolution
		HideSolutionNode = FALSE
	EndGlobalSection
	GlobalSection(ExtensibilityGlobals) = postSolution
		SolutionGuid = {D379F6BE-4468-4656-9B6D-4079F14E3C24}
	EndGlobalSection
EndGlobal
